// !$*UTF8*$!
{
	archiveVersion = 1;
	classes = {
	};
	objectVersion = 56;
	objects = {

/* Begin PBXBuildFile section */
		C036DF1A29EB22BA00BF51FD /* AppDelegate.swift in Sources */ = {isa = PBXBuildFile; fileRef = C036DF1929EB22BA00BF51FD /* AppDelegate.swift */; };
		C036DF1C29EB22BA00BF51FD /* SceneDelegate.swift in Sources */ = {isa = PBXBuildFile; fileRef = C036DF1B29EB22BA00BF51FD /* SceneDelegate.swift */; };
		C036DF1E29EB22BA00BF51FD /* MainViewController.swift in Sources */ = {isa = PBXBuildFile; fileRef = C036DF1D29EB22BA00BF51FD /* MainViewController.swift */; };
		C036DF2129EB22BA00BF51FD /* Main.storyboard in Resources */ = {isa = PBXBuildFile; fileRef = C036DF1F29EB22BA00BF51FD /* Main.storyboard */; };
		C036DF2429EB22BA00BF51FD /* AudioMemos.xcdatamodeld in Sources */ = {isa = PBXBuildFile; fileRef = C036DF2229EB22BA00BF51FD /* AudioMemos.xcdatamodeld */; };
		C036DF2629EB22BC00BF51FD /* Assets.xcassets in Resources */ = {isa = PBXBuildFile; fileRef = C036DF2529EB22BC00BF51FD /* Assets.xcassets */; };
		C036DF2929EB22BD00BF51FD /* LaunchScreen.storyboard in Resources */ = {isa = PBXBuildFile; fileRef = C036DF2729EB22BD00BF51FD /* LaunchScreen.storyboard */; };
		C036DF3429EC589200BF51FD /* AudioCell.swift in Sources */ = {isa = PBXBuildFile; fileRef = C036DF3229EC589200BF51FD /* AudioCell.swift */; };
		C036DF3529EC589200BF51FD /* AudioCell.xib in Resources */ = {isa = PBXBuildFile; fileRef = C036DF3329EC589200BF51FD /* AudioCell.xib */; };
		C036DF3829EF19D500BF51FD /* AudioRP.swift in Sources */ = {isa = PBXBuildFile; fileRef = C036DF3729EF19D500BF51FD /* AudioRP.swift */; };
		C0695A5129FD75EC00140F9F /* AudioMemoCoreData.swift in Sources */ = {isa = PBXBuildFile; fileRef = C0695A5029FD75EC00140F9F /* AudioMemoCoreData.swift */; };
		C0CF19612A0821C200DA21AF /* AudioMemoModel.xcdatamodeld in Sources */ = {isa = PBXBuildFile; fileRef = C0CF195F2A0821C200DA21AF /* AudioMemoModel.xcdatamodeld */; };
/* End PBXBuildFile section */

/* Begin PBXFileReference section */
		C036DF1629EB22BA00BF51FD /* AudioMemos.app */ = {isa = PBXFileReference; explicitFileType = wrapper.application; includeInIndex = 0; path = AudioMemos.app; sourceTree = BUILT_PRODUCTS_DIR; };
		C036DF1929EB22BA00BF51FD /* AppDelegate.swift */ = {isa = PBXFileReference; lastKnownFileType = sourcecode.swift; path = AppDelegate.swift; sourceTree = "<group>"; };
		C036DF1B29EB22BA00BF51FD /* SceneDelegate.swift */ = {isa = PBXFileReference; lastKnownFileType = sourcecode.swift; path = SceneDelegate.swift; sourceTree = "<group>"; };
		C036DF1D29EB22BA00BF51FD /* MainViewController.swift */ = {isa = PBXFileReference; lastKnownFileType = sourcecode.swift; path = MainViewController.swift; sourceTree = "<group>"; };
		C036DF2029EB22BA00BF51FD /* Base */ = {isa = PBXFileReference; lastKnownFileType = file.storyboard; name = Base; path = Base.lproj/Main.storyboard; sourceTree = "<group>"; };
		C036DF2329EB22BA00BF51FD /* AudioMemos.xcdatamodel */ = {isa = PBXFileReference; lastKnownFileType = wrapper.xcdatamodel; path = AudioMemos.xcdatamodel; sourceTree = "<group>"; };
		C036DF2529EB22BC00BF51FD /* Assets.xcassets */ = {isa = PBXFileReference; lastKnownFileType = folder.assetcatalog; path = Assets.xcassets; sourceTree = "<group>"; };
		C036DF2829EB22BD00BF51FD /* Base */ = {isa = PBXFileReference; lastKnownFileType = file.storyboard; name = Base; path = Base.lproj/LaunchScreen.storyboard; sourceTree = "<group>"; };
		C036DF2A29EB22BD00BF51FD /* Info.plist */ = {isa = PBXFileReference; lastKnownFileType = text.plist.xml; path = Info.plist; sourceTree = "<group>"; };
		C036DF3229EC589200BF51FD /* AudioCell.swift */ = {isa = PBXFileReference; lastKnownFileType = sourcecode.swift; path = AudioCell.swift; sourceTree = "<group>"; };
		C036DF3329EC589200BF51FD /* AudioCell.xib */ = {isa = PBXFileReference; lastKnownFileType = file.xib; path = AudioCell.xib; sourceTree = "<group>"; };
		C036DF3729EF19D500BF51FD /* AudioRP.swift */ = {isa = PBXFileReference; lastKnownFileType = sourcecode.swift; path = AudioRP.swift; sourceTree = "<group>"; };
		C0695A5029FD75EC00140F9F /* AudioMemoCoreData.swift */ = {isa = PBXFileReference; lastKnownFileType = sourcecode.swift; path = AudioMemoCoreData.swift; sourceTree = "<group>"; };
		C0CF19602A0821C200DA21AF /* AudioMemoModel.xcdatamodel */ = {isa = PBXFileReference; lastKnownFileType = wrapper.xcdatamodel; path = AudioMemoModel.xcdatamodel; sourceTree = "<group>"; };
/* End PBXFileReference section */

/* Begin PBXFrameworksBuildPhase section */
		C036DF1329EB22BA00BF51FD /* Frameworks */ = {
			isa = PBXFrameworksBuildPhase;
			buildActionMask = 2147483647;
			files = (
			);
			runOnlyForDeploymentPostprocessing = 0;
		};
/* End PBXFrameworksBuildPhase section */

/* Begin PBXGroup section */
		C036DF0D29EB22BA00BF51FD = {
			isa = PBXGroup;
			children = (
				C036DF1829EB22BA00BF51FD /* AudioMemos */,
				C036DF1729EB22BA00BF51FD /* Products */,
			);
			sourceTree = "<group>";
		};
		C036DF1729EB22BA00BF51FD /* Products */ = {
			isa = PBXGroup;
			children = (
				C036DF1629EB22BA00BF51FD /* AudioMemos.app */,
			);
			name = Products;
			sourceTree = "<group>";
		};
		C036DF1829EB22BA00BF51FD /* AudioMemos */ = {
			isa = PBXGroup;
			children = (
				C0695A4C29FD736800140F9F /* DataModel */,
				C036DF3629EF19BC00BF51FD /* Models */,
				C036DF1929EB22BA00BF51FD /* AppDelegate.swift */,
				C036DF1B29EB22BA00BF51FD /* SceneDelegate.swift */,
				C036DF3129EB23E600BF51FD /* Controllers */,
				C036DF3029EB23C900BF51FD /* Views */,
				C036DF2529EB22BC00BF51FD /* Assets.xcassets */,
				C036DF2729EB22BD00BF51FD /* LaunchScreen.storyboard */,
				C036DF2A29EB22BD00BF51FD /* Info.plist */,
				C036DF2229EB22BA00BF51FD /* AudioMemos.xcdatamodeld */,
			);
			path = AudioMemos;
			sourceTree = "<group>";
		};
		C036DF3029EB23C900BF51FD /* Views */ = {
			isa = PBXGroup;
			children = (
				C036DF1F29EB22BA00BF51FD /* Main.storyboard */,
				C036DF3229EC589200BF51FD /* AudioCell.swift */,
				C036DF3329EC589200BF51FD /* AudioCell.xib */,
			);
			path = Views;
			sourceTree = "<group>";
		};
		C036DF3129EB23E600BF51FD /* Controllers */ = {
			isa = PBXGroup;
			children = (
				C036DF1D29EB22BA00BF51FD /* MainViewController.swift */,
			);
			path = Controllers;
			sourceTree = "<group>";
		};
		C036DF3629EF19BC00BF51FD /* Models */ = {
			isa = PBXGroup;
			children = (
				C036DF3729EF19D500BF51FD /* AudioRP.swift */,
			);
			path = Models;
			sourceTree = "<group>";
		};
		C0695A4C29FD736800140F9F /* DataModel */ = {
			isa = PBXGroup;
			children = (
				C0695A5029FD75EC00140F9F /* AudioMemoCoreData.swift */,
				C0CF195F2A0821C200DA21AF /* AudioMemoModel.xcdatamodeld */,
			);
			path = DataModel;
			sourceTree = "<group>";
		};
/* End PBXGroup section */

/* Begin PBXNativeTarget section */
		C036DF1529EB22BA00BF51FD /* AudioMemos */ = {
			isa = PBXNativeTarget;
			buildConfigurationList = C036DF2D29EB22BD00BF51FD /* Build configuration list for PBXNativeTarget "AudioMemos" */;
			buildPhases = (
				C036DF1229EB22BA00BF51FD /* Sources */,
				C036DF1329EB22BA00BF51FD /* Frameworks */,
				C036DF1429EB22BA00BF51FD /* Resources */,
			);
			buildRules = (
			);
			dependencies = (
			);
			name = AudioMemos;
			productName = AudioMemos;
			productReference = C036DF1629EB22BA00BF51FD /* AudioMemos.app */;
			productType = "com.apple.product-type.application";
		};
/* End PBXNativeTarget section */

/* Begin PBXProject section */
		C036DF0E29EB22BA00BF51FD /* Project object */ = {
			isa = PBXProject;
			attributes = {
				BuildIndependentTargetsInParallel = 1;
				LastSwiftUpdateCheck = 1420;
				LastUpgradeCheck = 1420;
				TargetAttributes = {
					C036DF1529EB22BA00BF51FD = {
						CreatedOnToolsVersion = 14.2;
					};
				};
			};
			buildConfigurationList = C036DF1129EB22BA00BF51FD /* Build configuration list for PBXProject "AudioMemos" */;
			compatibilityVersion = "Xcode 14.0";
			developmentRegion = en;
			hasScannedForEncodings = 0;
			knownRegions = (
				en,
				Base,
			);
			mainGroup = C036DF0D29EB22BA00BF51FD;
			productRefGroup = C036DF1729EB22BA00BF51FD /* Products */;
			projectDirPath = "";
			projectRoot = "";
			targets = (
				C036DF1529EB22BA00BF51FD /* AudioMemos */,
			);
		};
/* End PBXProject section */

/* Begin PBXResourcesBuildPhase section */
		C036DF1429EB22BA00BF51FD /* Resources */ = {
			isa = PBXResourcesBuildPhase;
			buildActionMask = 2147483647;
			files = (
				C036DF3529EC589200BF51FD /* AudioCell.xib in Resources */,
				C036DF2929EB22BD00BF51FD /* LaunchScreen.storyboard in Resources */,
				C036DF2629EB22BC00BF51FD /* Assets.xcassets in Resources */,
				C036DF2129EB22BA00BF51FD /* Main.storyboard in Resources */,
			);
			runOnlyForDeploymentPostprocessing = 0;
		};
/* End PBXResourcesBuildPhase section */

/* Begin PBXSourcesBuildPhase section */
		C036DF1229EB22BA00BF51FD /* Sources */ = {
			isa = PBXSourcesBuildPhase;
			buildActionMask = 2147483647;
			files = (
				C036DF3829EF19D500BF51FD /* AudioRP.swift in Sources */,
				C036DF1E29EB22BA00BF51FD /* MainViewController.swift in Sources */,
				C036DF1A29EB22BA00BF51FD /* AppDelegate.swift in Sources */,
				C036DF2429EB22BA00BF51FD /* AudioMemos.xcdatamodeld in Sources */,
				C0CF19612A0821C200DA21AF /* AudioMemoModel.xcdatamodeld in Sources */,
				C0695A5129FD75EC00140F9F /* AudioMemoCoreData.swift in Sources */,
				C036DF1C29EB22BA00BF51FD /* SceneDelegate.swift in Sources */,
				C036DF3429EC589200BF51FD /* AudioCell.swift in Sources */,
			);
			runOnlyForDeploymentPostprocessing = 0;
		};
/* End PBXSourcesBuildPhase section */

/* Begin PBXVariantGroup section */
		C036DF1F29EB22BA00BF51FD /* Main.storyboard */ = {
			isa = PBXVariantGroup;
			children = (
				C036DF2029EB22BA00BF51FD /* Base */,
			);
			name = Main.storyboard;
			sourceTree = "<group>";
		};
		C036DF2729EB22BD00BF51FD /* LaunchScreen.storyboard */ = {
			isa = PBXVariantGroup;
			children = (
				C036DF2829EB22BD00BF51FD /* Base */,
			);
			name = LaunchScreen.storyboard;
			sourceTree = "<group>";
		};
/* End PBXVariantGroup section */

/* Begin XCBuildConfiguration section */
		C036DF2B29EB22BD00BF51FD /* Debug */ = {
			isa = XCBuildConfiguration;
			buildSettings = {
				ALWAYS_SEARCH_USER_PATHS = NO;
				CLANG_ANALYZER_NONNULL = YES;
				CLANG_ANALYZER_NUMBER_OBJECT_CONVERSION = YES_AGGRESSIVE;
				CLANG_CXX_LANGUAGE_STANDARD = "gnu++20";
				CLANG_ENABLE_MODULES = YES;
				CLANG_ENABLE_OBJC_ARC = YES;
				CLANG_ENABLE_OBJC_WEAK = YES;
				CLANG_WARN_BLOCK_CAPTURE_AUTORELEASING = YES;
				CLANG_WARN_BOOL_CONVERSION = YES;
				CLANG_WARN_COMMA = YES;
				CLANG_WARN_CONSTANT_CONVERSION = YES;
				CLANG_WARN_DEPRECATED_OBJC_IMPLEMENTATIONS = YES;
				CLANG_WARN_DIRECT_OBJC_ISA_USAGE = YES_ERROR;
				CLANG_WARN_DOCUMENTATION_COMMENTS = YES;
				CLANG_WARN_EMPTY_BODY = YES;
				CLANG_WARN_ENUM_CONVERSION = YES;
				CLANG_WARN_INFINITE_RECURSION = YES;
				CLANG_WARN_INT_CONVERSION = YES;
				CLANG_WARN_NON_LITERAL_NULL_CONVERSION = YES;
				CLANG_WARN_OBJC_IMPLICIT_RETAIN_SELF = YES;
				CLANG_WARN_OBJC_LITERAL_CONVERSION = YES;
				CLANG_WARN_OBJC_ROOT_CLASS = YES_ERROR;
				CLANG_WARN_QUOTED_INCLUDE_IN_FRAMEWORK_HEADER = YES;
				CLANG_WARN_RANGE_LOOP_ANALYSIS = YES;
				CLANG_WARN_STRICT_PROTOTYPES = YES;
				CLANG_WARN_SUSPICIOUS_MOVE = YES;
				CLANG_WARN_UNGUARDED_AVAILABILITY = YES_AGGRESSIVE;
				CLANG_WARN_UNREACHABLE_CODE = YES;
				CLANG_WARN__DUPLICATE_METHOD_MATCH = YES;
				COPY_PHASE_STRIP = NO;
				DEBUG_INFORMATION_FORMAT = dwarf;
				ENABLE_STRICT_OBJC_MSGSEND = YES;
				ENABLE_TESTABILITY = YES;
				GCC_C_LANGUAGE_STANDARD = gnu11;
				GCC_DYNAMIC_NO_PIC = NO;
				GCC_NO_COMMON_BLOCKS = YES;
				GCC_OPTIMIZATION_LEVEL = 0;
				GCC_PREPROCESSOR_DEFINITIONS = (
					"DEBUG=1",
					"$(inherited)",
				);
				GCC_WARN_64_TO_32_BIT_CONVERSION = YES;
				GCC_WARN_ABOUT_RETURN_TYPE = YES_ERROR;
				GCC_WARN_UNDECLARED_SELECTOR = YES;
				GCC_WARN_UNINITIALIZED_AUTOS = YES_AGGRESSIVE;
				GCC_WARN_UNUSED_FUNCTION = YES;
				GCC_WARN_UNUSED_VARIABLE = YES;
				IPHONEOS_DEPLOYMENT_TARGET = 16.2;
				MTL_ENABLE_DEBUG_INFO = INCLUDE_SOURCE;
				MTL_FAST_MATH = YES;
				ONLY_ACTIVE_ARCH = YES;
				SDKROOT = iphoneos;
				SWIFT_ACTIVE_COMPILATION_CONDITIONS = DEBUG;
				SWIFT_OPTIMIZATION_LEVEL = "-Onone";
			};
			name = Debug;
		};
		C036DF2C29EB22BD00BF51FD /* Release */ = {
			isa = XCBuildConfiguration;
			buildSettings = {
				ALWAYS_SEARCH_USER_PATHS = NO;
				CLANG_ANALYZER_NONNULL = YES;
				CLANG_ANALYZER_NUMBER_OBJECT_CONVERSION = YES_AGGRESSIVE;
				CLANG_CXX_LANGUAGE_STANDARD = "gnu++20";
				CLANG_ENABLE_MODULES = YES;
				CLANG_ENABLE_OBJC_ARC = YES;
				CLANG_ENABLE_OBJC_WEAK = YES;
				CLANG_WARN_BLOCK_CAPTURE_AUTORELEASING = YES;
				CLANG_WARN_BOOL_CONVERSION = YES;
				CLANG_WARN_COMMA = YES;
				CLANG_WARN_CONSTANT_CONVERSION = YES;
				CLANG_WARN_DEPRECATED_OBJC_IMPLEMENTATIONS = YES;
				CLANG_WARN_DIRECT_OBJC_ISA_USAGE = YES_ERROR;
				CLANG_WARN_DOCUMENTATION_COMMENTS = YES;
				CLANG_WARN_EMPTY_BODY = YES;
				CLANG_WARN_ENUM_CONVERSION = YES;
				CLANG_WARN_INFINITE_RECURSION = YES;
				CLANG_WARN_INT_CONVERSION = YES;
				CLANG_WARN_NON_LITERAL_NULL_CONVERSION = YES;
				CLANG_WARN_OBJC_IMPLICIT_RETAIN_SELF = YES;
				CLANG_WARN_OBJC_LITERAL_CONVERSION = YES;
				CLANG_WARN_OBJC_ROOT_CLASS = YES_ERROR;
				CLANG_WARN_QUOTED_INCLUDE_IN_FRAMEWORK_HEADER = YES;
				CLANG_WARN_RANGE_LOOP_ANALYSIS = YES;
				CLANG_WARN_STRICT_PROTOTYPES = YES;
				CLANG_WARN_SUSPICIOUS_MOVE = YES;
				CLANG_WARN_UNGUARDED_AVAILABILITY = YES_AGGRESSIVE;
				CLANG_WARN_UNREACHABLE_CODE = YES;
				CLANG_WARN__DUPLICATE_METHOD_MATCH = YES;
				COPY_PHASE_STRIP = NO;
				DEBUG_INFORMATION_FORMAT = "dwarf-with-dsym";
				ENABLE_NS_ASSERTIONS = NO;
				ENABLE_STRICT_OBJC_MSGSEND = YES;
				GCC_C_LANGUAGE_STANDARD = gnu11;
				GCC_NO_COMMON_BLOCKS = YES;
				GCC_WARN_64_TO_32_BIT_CONVERSION = YES;
				GCC_WARN_ABOUT_RETURN_TYPE = YES_ERROR;
				GCC_WARN_UNDECLARED_SELECTOR = YES;
				GCC_WARN_UNINITIALIZED_AUTOS = YES_AGGRESSIVE;
				GCC_WARN_UNUSED_FUNCTION = YES;
				GCC_WARN_UNUSED_VARIABLE = YES;
				IPHONEOS_DEPLOYMENT_TARGET = 16.2;
				MTL_ENABLE_DEBUG_INFO = NO;
				MTL_FAST_MATH = YES;
				SDKROOT = iphoneos;
				SWIFT_COMPILATION_MODE = wholemodule;
				SWIFT_OPTIMIZATION_LEVEL = "-O";
				VALIDATE_PRODUCT = YES;
			};
			name = Release;
		};
		C036DF2E29EB22BD00BF51FD /* Debug */ = {
			isa = XCBuildConfiguration;
			buildSettings = {
				ASSETCATALOG_COMPILER_APPICON_NAME = AppIcon;
				ASSETCATALOG_COMPILER_GLOBAL_ACCENT_COLOR_NAME = AccentColor;
				CODE_SIGN_STYLE = Automatic;
				CURRENT_PROJECT_VERSION = 1;
				DEVELOPMENT_TEAM = 822D8Y7G66;
				GENERATE_INFOPLIST_FILE = YES;
				INFOPLIST_FILE = AudioMemos/Info.plist;
				INFOPLIST_KEY_NSMicrophoneUsageDescription = "Allow application to access the microphone?";
				INFOPLIST_KEY_UIApplicationSupportsIndirectInputEvents = YES;
				INFOPLIST_KEY_UILaunchStoryboardName = LaunchScreen;
				INFOPLIST_KEY_UIMainStoryboardFile = Main;
				INFOPLIST_KEY_UISupportedInterfaceOrientations = UIInterfaceOrientationPortrait;
				IPHONEOS_DEPLOYMENT_TARGET = 16.0;
				LD_RUNPATH_SEARCH_PATHS = (
					"$(inherited)",
					"@executable_path/Frameworks",
				);
				MARKETING_VERSION = 1.0;
				PRODUCT_BUNDLE_IDENTIFIER = com.mesiow.AudioMemos;
				PRODUCT_NAME = "$(TARGET_NAME)";
				SWIFT_EMIT_LOC_STRINGS = YES;
				SWIFT_VERSION = 5.0;
				TARGETED_DEVICE_FAMILY = "1,2";
			};
			name = Debug;
		};
		C036DF2F29EB22BD00BF51FD /* Release */ = {
			isa = XCBuildConfiguration;
			buildSettings = {
				ASSETCATALOG_COMPILER_APPICON_NAME = AppIcon;
				ASSETCATALOG_COMPILER_GLOBAL_ACCENT_COLOR_NAME = AccentColor;
				CODE_SIGN_STYLE = Automatic;
				CURRENT_PROJECT_VERSION = 1;
				DEVELOPMENT_TEAM = 822D8Y7G66;
				GENERATE_INFOPLIST_FILE = YES;
				INFOPLIST_FILE = AudioMemos/Info.plist;
				INFOPLIST_KEY_NSMicrophoneUsageDescription = "Allow application to access the microphone?";
				INFOPLIST_KEY_UIApplicationSupportsIndirectInputEvents = YES;
				INFOPLIST_KEY_UILaunchStoryboardName = LaunchScreen;
				INFOPLIST_KEY_UIMainStoryboardFile = Main;
				INFOPLIST_KEY_UISupportedInterfaceOrientations = UIInterfaceOrientationPortrait;
				IPHONEOS_DEPLOYMENT_TARGET = 16.0;
				LD_RUNPATH_SEARCH_PATHS = (
					"$(inherited)",
					"@executable_path/Frameworks",
				);
				MARKETING_VERSION = 1.0;
				PRODUCT_BUNDLE_IDENTIFIER = com.mesiow.AudioMemos;
				PRODUCT_NAME = "$(TARGET_NAME)";
				SWIFT_EMIT_LOC_STRINGS = YES;
				SWIFT_VERSION = 5.0;
				TARGETED_DEVICE_FAMILY = "1,2";
			};
			name = Release;
		};
/* End XCBuildConfiguration section */

/* Begin XCConfigurationList section */
		C036DF1129EB22BA00BF51FD /* Build configuration list for PBXProject "AudioMemos" */ = {
			isa = XCConfigurationList;
			buildConfigurations = (
				C036DF2B29EB22BD00BF51FD /* Debug */,
				C036DF2C29EB22BD00BF51FD /* Release */,
			);
			defaultConfigurationIsVisible = 0;
			defaultConfigurationName = Release;
		};
		C036DF2D29EB22BD00BF51FD /* Build configuration list for PBXNativeTarget "AudioMemos" */ = {
			isa = XCConfigurationList;
			buildConfigurations = (
				C036DF2E29EB22BD00BF51FD /* Debug */,
				C036DF2F29EB22BD00BF51FD /* Release */,
			);
			defaultConfigurationIsVisible = 0;
			defaultConfigurationName = Release;
		};
/* End XCConfigurationList section */

/* Begin XCVersionGroup section */
		C036DF2229EB22BA00BF51FD /* AudioMemos.xcdatamodeld */ = {
			isa = XCVersionGroup;
			children = (
				C036DF2329EB22BA00BF51FD /* AudioMemos.xcdatamodel */,
			);
			currentVersion = C036DF2329EB22BA00BF51FD /* AudioMemos.xcdatamodel */;
			path = AudioMemos.xcdatamodeld;
			sourceTree = "<group>";
			versionGroupType = wrapper.xcdatamodel;
		};
		C0CF195F2A0821C200DA21AF /* AudioMemoModel.xcdatamodeld */ = {
			isa = XCVersionGroup;
			children = (
				C0CF19602A0821C200DA21AF /* AudioMemoModel.xcdatamodel */,
			);
			currentVersion = C0CF19602A0821C200DA21AF /* AudioMemoModel.xcdatamodel */;
			path = AudioMemoModel.xcdatamodeld;
			sourceTree = "<group>";
			versionGroupType = wrapper.xcdatamodel;
		};
/* End XCVersionGroup section */
	};
	rootObject = C036DF0E29EB22BA00BF51FD /* Project object */;
}
